
Microsoft Visual Studio Solution File, Format Version 12.00
# Visual Studio 15
VisualStudioVersion = 15.0.27130.2026
MinimumVisualStudioVersion = 10.0.40219.1
Project("{FAE04EC0-301F-11D3-BF4B-00C04F79EFBC}") = "Cancellation", "Cancellation\Cancellation.csproj", "{F6551387-5E63-4161-9C07-4B2BA7EAFDC2}"
EndProject
Global
	GlobalSection(SolutionConfigurationPlatforms) = preSolution
		Debug|Any CPU = Debug|Any CPU
		Release|Any CPU = Release|Any CPU
	EndGlobalSection
	GlobalSection(ProjectConfigurationPlatforms) = postSolution
		{F6551387-5E63-4161-9C07-4B2BA7EAFDC2}.Debug|Any CPU.ActiveCfg = Debug|Any CPU
		{F6551387-5E63-4161-9C07-4B2BA7EAFDC2}.Debug|Any CPU.Build.0 = Debug|Any CPU
		{F6551387-5E63-4161-9C07-4B2BA7EAFDC2}.Release|Any CPU.ActiveCfg = Release|Any CPU
		{F6551387-5E63-4161-9C07-4B2BA7EAFDC2}.Release|Any CPU.Build.0 = Release|Any CPU
	EndGlobalSection
	GlobalSection(SolutionProperties) = preSolution
		HideSolutionNode = FALSE
	EndGlobalSection
	GlobalSection(ExtensibilityGlobals) = postSolution
		SolutionGuid = {4F0576F9-852F-487F-A21A-3B8AAC988E99}
	EndGlobalSection
EndGlobal
