
Microsoft Visual Studio Solution File, Format Version 12.00
# Visual Studio 15
VisualStudioVersion = 15.0.27130.2026
MinimumVisualStudioVersion = 10.0.40219.1
Project("{FAE04EC0-301F-11D3-BF4B-00C04F79EFBC}") = "Concepts", "Concepts\Concepts.csproj", "{149B519B-6DBE-41D9-AED6-4EFAAF39731D}"
EndProject
Global
	GlobalSection(SolutionConfigurationPlatforms) = preSolution
		Debug|Any CPU = Debug|Any CPU
		Release|Any CPU = Release|Any CPU
	EndGlobalSection
	GlobalSection(ProjectConfigurationPlatforms) = postSolution
		{149B519B-6DBE-41D9-AED6-4EFAAF39731D}.Debug|Any CPU.ActiveCfg = Debug|Any CPU
		{149B519B-6DBE-41D9-AED6-4EFAAF39731D}.Debug|Any CPU.Build.0 = Debug|Any CPU
		{149B519B-6DBE-41D9-AED6-4EFAAF39731D}.Release|Any CPU.ActiveCfg = Release|Any CPU
		{149B519B-6DBE-41D9-AED6-4EFAAF39731D}.Release|Any CPU.Build.0 = Release|Any CPU
	EndGlobalSection
	GlobalSection(SolutionProperties) = preSolution
		HideSolutionNode = FALSE
	EndGlobalSection
	GlobalSection(ExtensibilityGlobals) = postSolution
		SolutionGuid = {B9D7D5D6-E9AC-47C7-A04C-E9300A4E1BF1}
	EndGlobalSection
EndGlobal
