
Microsoft Visual Studio Solution File, Format Version 12.00
# Visual Studio 15
VisualStudioVersion = 15.0.27130.2026
MinimumVisualStudioVersion = 10.0.40219.1
Project("{FAE04EC0-301F-11D3-BF4B-00C04F79EFBC}") = "ParallelvsNormal", "ParallelvsNormal\ParallelvsNormal.csproj", "{C9E66532-BE95-439B-83CD-CF4EF216F3CF}"
EndProject
Global
	GlobalSection(SolutionConfigurationPlatforms) = preSolution
		Debug|Any CPU = Debug|Any CPU
		Release|Any CPU = Release|Any CPU
	EndGlobalSection
	GlobalSection(ProjectConfigurationPlatforms) = postSolution
		{C9E66532-BE95-439B-83CD-CF4EF216F3CF}.Debug|Any CPU.ActiveCfg = Debug|Any CPU
		{C9E66532-BE95-439B-83CD-CF4EF216F3CF}.Debug|Any CPU.Build.0 = Debug|Any CPU
		{C9E66532-BE95-439B-83CD-CF4EF216F3CF}.Release|Any CPU.ActiveCfg = Release|Any CPU
		{C9E66532-BE95-439B-83CD-CF4EF216F3CF}.Release|Any CPU.Build.0 = Release|Any CPU
	EndGlobalSection
	GlobalSection(SolutionProperties) = preSolution
		HideSolutionNode = FALSE
	EndGlobalSection
	GlobalSection(ExtensibilityGlobals) = postSolution
		SolutionGuid = {7C17616B-5B61-446D-B7CA-4D24DDFA5BB8}
	EndGlobalSection
EndGlobal
