
Microsoft Visual Studio Solution File, Format Version 12.00
# Visual Studio 15
VisualStudioVersion = 15.0.27130.2026
MinimumVisualStudioVersion = 10.0.40219.1
Project("{FAE04EC0-301F-11D3-BF4B-00C04F79EFBC}") = "ContinuationWithState", "ContinuationWithState\ContinuationWithState.csproj", "{A65BB62D-E1AC-47D6-AABD-E84E2EB5FEF2}"
EndProject
Global
	GlobalSection(SolutionConfigurationPlatforms) = preSolution
		Debug|Any CPU = Debug|Any CPU
		Release|Any CPU = Release|Any CPU
	EndGlobalSection
	GlobalSection(ProjectConfigurationPlatforms) = postSolution
		{A65BB62D-E1AC-47D6-AABD-E84E2EB5FEF2}.Debug|Any CPU.ActiveCfg = Debug|Any CPU
		{A65BB62D-E1AC-47D6-AABD-E84E2EB5FEF2}.Debug|Any CPU.Build.0 = Debug|Any CPU
		{A65BB62D-E1AC-47D6-AABD-E84E2EB5FEF2}.Release|Any CPU.ActiveCfg = Release|Any CPU
		{A65BB62D-E1AC-47D6-AABD-E84E2EB5FEF2}.Release|Any CPU.Build.0 = Release|Any CPU
	EndGlobalSection
	GlobalSection(SolutionProperties) = preSolution
		HideSolutionNode = FALSE
	EndGlobalSection
	GlobalSection(ExtensibilityGlobals) = postSolution
		SolutionGuid = {E7B3BC62-C418-49B7-BE09-6D1A070586BB}
	EndGlobalSection
EndGlobal
