
Microsoft Visual Studio Solution File, Format Version 12.00
# Visual Studio 15
VisualStudioVersion = 15.0.27130.2026
MinimumVisualStudioVersion = 10.0.40219.1
Project("{FAE04EC0-301F-11D3-BF4B-00C04F79EFBC}") = "Countdown", "Countdown\Countdown.csproj", "{0FA2073F-13AA-4B25-B886-FD3B7B50290A}"
EndProject
Global
	GlobalSection(SolutionConfigurationPlatforms) = preSolution
		Debug|Any CPU = Debug|Any CPU
		Release|Any CPU = Release|Any CPU
	EndGlobalSection
	GlobalSection(ProjectConfigurationPlatforms) = postSolution
		{0FA2073F-13AA-4B25-B886-FD3B7B50290A}.Debug|Any CPU.ActiveCfg = Debug|Any CPU
		{0FA2073F-13AA-4B25-B886-FD3B7B50290A}.Debug|Any CPU.Build.0 = Debug|Any CPU
		{0FA2073F-13AA-4B25-B886-FD3B7B50290A}.Release|Any CPU.ActiveCfg = Release|Any CPU
		{0FA2073F-13AA-4B25-B886-FD3B7B50290A}.Release|Any CPU.Build.0 = Release|Any CPU
	EndGlobalSection
	GlobalSection(SolutionProperties) = preSolution
		HideSolutionNode = FALSE
	EndGlobalSection
	GlobalSection(ExtensibilityGlobals) = postSolution
		SolutionGuid = {6D5C221A-F6D2-42E1-B117-C797506A0A00}
	EndGlobalSection
EndGlobal
