
Microsoft Visual Studio Solution File, Format Version 12.00
# Visual Studio 15
VisualStudioVersion = 15.0.27130.2026
MinimumVisualStudioVersion = 10.0.40219.1
Project("{FAE04EC0-301F-11D3-BF4B-00C04F79EFBC}") = "MutexLock", "MutexLock\MutexLock.csproj", "{4F93F8DB-65E7-43C3-A5BD-1B5985322100}"
EndProject
Global
	GlobalSection(SolutionConfigurationPlatforms) = preSolution
		Debug|Any CPU = Debug|Any CPU
		Release|Any CPU = Release|Any CPU
	EndGlobalSection
	GlobalSection(ProjectConfigurationPlatforms) = postSolution
		{4F93F8DB-65E7-43C3-A5BD-1B5985322100}.Debug|Any CPU.ActiveCfg = Debug|Any CPU
		{4F93F8DB-65E7-43C3-A5BD-1B5985322100}.Debug|Any CPU.Build.0 = Debug|Any CPU
		{4F93F8DB-65E7-43C3-A5BD-1B5985322100}.Release|Any CPU.ActiveCfg = Release|Any CPU
		{4F93F8DB-65E7-43C3-A5BD-1B5985322100}.Release|Any CPU.Build.0 = Release|Any CPU
	EndGlobalSection
	GlobalSection(SolutionProperties) = preSolution
		HideSolutionNode = FALSE
	EndGlobalSection
	GlobalSection(ExtensibilityGlobals) = postSolution
		SolutionGuid = {6FD0B22E-60C0-478C-A06F-AF2201D0E4AF}
	EndGlobalSection
EndGlobal
