
Microsoft Visual Studio Solution File, Format Version 12.00
# Visual Studio 15
VisualStudioVersion = 15.0.27130.2026
MinimumVisualStudioVersion = 10.0.40219.1
Project("{FAE04EC0-301F-11D3-BF4B-00C04F79EFBC}") = "TwoWaySignaling", "TwoWaySignaling\TwoWaySignaling.csproj", "{629410FF-497C-40B0-8546-C6577238EC31}"
EndProject
Global
	GlobalSection(SolutionConfigurationPlatforms) = preSolution
		Debug|Any CPU = Debug|Any CPU
		Release|Any CPU = Release|Any CPU
	EndGlobalSection
	GlobalSection(ProjectConfigurationPlatforms) = postSolution
		{629410FF-497C-40B0-8546-C6577238EC31}.Debug|Any CPU.ActiveCfg = Debug|Any CPU
		{629410FF-497C-40B0-8546-C6577238EC31}.Debug|Any CPU.Build.0 = Debug|Any CPU
		{629410FF-497C-40B0-8546-C6577238EC31}.Release|Any CPU.ActiveCfg = Release|Any CPU
		{629410FF-497C-40B0-8546-C6577238EC31}.Release|Any CPU.Build.0 = Release|Any CPU
	EndGlobalSection
	GlobalSection(SolutionProperties) = preSolution
		HideSolutionNode = FALSE
	EndGlobalSection
	GlobalSection(ExtensibilityGlobals) = postSolution
		SolutionGuid = {AB9245F0-6C34-4F7C-850A-8768EC299B4C}
	EndGlobalSection
EndGlobal
