
Microsoft Visual Studio Solution File, Format Version 12.00
# Visual Studio 15
VisualStudioVersion = 15.0.27130.2026
MinimumVisualStudioVersion = 10.0.40219.1
Project("{FAE04EC0-301F-11D3-BF4B-00C04F79EFBC}") = "ManualReset", "ManualReset\ManualReset.csproj", "{3D50977B-9FFD-4BE5-A41D-556D0E25EACA}"
EndProject
Global
	GlobalSection(SolutionConfigurationPlatforms) = preSolution
		Debug|Any CPU = Debug|Any CPU
		Release|Any CPU = Release|Any CPU
	EndGlobalSection
	GlobalSection(ProjectConfigurationPlatforms) = postSolution
		{3D50977B-9FFD-4BE5-A41D-556D0E25EACA}.Debug|Any CPU.ActiveCfg = Debug|Any CPU
		{3D50977B-9FFD-4BE5-A41D-556D0E25EACA}.Debug|Any CPU.Build.0 = Debug|Any CPU
		{3D50977B-9FFD-4BE5-A41D-556D0E25EACA}.Release|Any CPU.ActiveCfg = Release|Any CPU
		{3D50977B-9FFD-4BE5-A41D-556D0E25EACA}.Release|Any CPU.Build.0 = Release|Any CPU
	EndGlobalSection
	GlobalSection(SolutionProperties) = preSolution
		HideSolutionNode = FALSE
	EndGlobalSection
	GlobalSection(ExtensibilityGlobals) = postSolution
		SolutionGuid = {B92E5943-07BD-465C-B42A-81214C6E8747}
	EndGlobalSection
EndGlobal
